<Solution>
  <Folder Name="/Elementos de la solución/" />
  <Folder Name="/M1/">
    <Project Path="m1/M1_01_QueEsDotNet/M1_01_QueEsDotNet.csproj" Id="986f2270-ba5f-46ce-80f2-315df5387977" />
    <Project Path="m1/M1_02a_ConsoleApp1/M1_02a_ConsoleApp1.csproj" />
    <Project Path="m1/M1_02b_ConsoleApp2/M1_02b_ConsoleApp2.csproj" />
    <Project Path="m1/M1_02_EntornoDeDesarrollo/M1_02_EntornoDeDesarrollo.csproj" />
    <Project Path="m1/M1_03_SintaxisYSemanticaDeCSharp/M1_03_SintaxisYSemanticaDeCSharp.csproj" />
    <Project Path="m1/M1_04_VariablesYConstantes.cs/M1_04_VariablesYConstantes.cs.csproj" />
    <Project Path="m1/M1_05_TiposDeDatos/M1_05_TiposDeDatos.csproj" />
    <Project Path="m1/M1_06_Sentencias/M1_06_Sentencias.csproj" />
    <Project Path="m1/M1_07_BloquesDeCodigo/M1_07_BloquesDeCodigo.csproj" Id="af1a6c90-d223-4afd-9759-fa534a74d892" />
    <Project Path="m1/M1_08_Operadores/M1_08_Operadores.csproj" />
    <Project Path="m1/M1_09_UsoDeConsola/M1_09_UsoDeConsola.csproj" />
  </Folder>
</Solution>
